
Microsoft Visual Studio Solution File, Format Version 12.00
# Visual Studio Version 17
VisualStudioVersion = 17.0.31521.260
MinimumVisualStudioVersion = 10.0.40219.1
Project("{9A19103F-16F7-4668-BE54-9A1E7A4F7556}") = "System Tray Image", "System Tray Image\System Tray Image.csproj", "{9037EAFA-C43C-43FF-A970-2B77ADD7469D}"
EndProject
Global
	GlobalSection(SolutionConfigurationPlatforms) = preSolution
		Debug 2|Any CPU = Debug 2|Any CPU
		Debug|Any CPU = Debug|Any CPU
		Release|Any CPU = Release|Any CPU
	EndGlobalSection
	GlobalSection(ProjectConfigurationPlatforms) = postSolution
		{9037EAFA-C43C-43FF-A970-2B77ADD7469D}.Debug 2|Any CPU.ActiveCfg = Debug|Any CPU
		{9037EAFA-C43C-43FF-A970-2B77ADD7469D}.Debug 2|Any CPU.Build.0 = Debug|Any CPU
		{9037EAFA-C43C-43FF-A970-2B77ADD7469D}.Debug|Any CPU.ActiveCfg = Debug|Any CPU
		{9037EAFA-C43C-43FF-A970-2B77ADD7469D}.Debug|Any CPU.Build.0 = Debug|Any CPU
		{9037EAFA-C43C-43FF-A970-2B77ADD7469D}.Release|Any CPU.ActiveCfg = Release|Any CPU
		{9037EAFA-C43C-43FF-A970-2B77ADD7469D}.Release|Any CPU.Build.0 = Release|Any CPU
	EndGlobalSection
	GlobalSection(SolutionProperties) = preSolution
		HideSolutionNode = FALSE
	EndGlobalSection
	GlobalSection(ExtensibilityGlobals) = postSolution
		SolutionGuid = {16A0B0BF-82D7-473E-9BED-6946883B5D38}
	EndGlobalSection
EndGlobal
