
Microsoft Visual Studio Solution File, Format Version 12.00
# Visual Studio Version 16
VisualStudioVersion = 16.0.30320.27
MinimumVisualStudioVersion = 10.0.40219.1
Project("{FAE04EC0-301F-11D3-BF4B-00C04F79EFBC}") = "Floating Image", "SystemTrayImage\Floating Image.csproj", "{5332271F-9A95-4E57-966C-4A1131430E4F}"
EndProject
Global
	GlobalSection(SolutionConfigurationPlatforms) = preSolution
		Debug|Any CPU = Debug|Any CPU
		Release|Any CPU = Release|Any CPU
	EndGlobalSection
	GlobalSection(ProjectConfigurationPlatforms) = postSolution
		{5332271F-9A95-4E57-966C-4A1131430E4F}.Debug|Any CPU.ActiveCfg = Debug|Any CPU
		{5332271F-9A95-4E57-966C-4A1131430E4F}.Debug|Any CPU.Build.0 = Debug|Any CPU
		{5332271F-9A95-4E57-966C-4A1131430E4F}.Release|Any CPU.ActiveCfg = Release|Any CPU
		{5332271F-9A95-4E57-966C-4A1131430E4F}.Release|Any CPU.Build.0 = Release|Any CPU
	EndGlobalSection
	GlobalSection(SolutionProperties) = preSolution
		HideSolutionNode = FALSE
	EndGlobalSection
	GlobalSection(ExtensibilityGlobals) = postSolution
		SolutionGuid = {16A0B0BF-82D7-473E-9BED-6946883B5D38}
	EndGlobalSection
EndGlobal
